
Microsoft Visual Studio Solution File, Format Version 12.00
# Visual Studio Version 16
VisualStudioVersion = 16.0.29920.165
MinimumVisualStudioVersion = 10.0.40219.1
Project("{2150E333-8FDC-42A3-9474-1A3956D46DE8}") = "Domain", "Domain", "{7EBCC7E2-0E6C-4C0B-A521-C1819BD0FAD5}"
EndProject
Project("{2150E333-8FDC-42A3-9474-1A3956D46DE8}") = "Microservices", "Microservices", "{E8E45DB2-4A8B-4666-BF56-F695F539356A}"
EndProject
Project("{2150E333-8FDC-42A3-9474-1A3956D46DE8}") = "Infra.Bus", "Infra.Bus", "{21DBE060-106C-4E1F-B2FE-DBE5086C19B0}"
EndProject
Project("{2150E333-8FDC-42A3-9474-1A3956D46DE8}") = "Infra.IoC", "Infra.IoC", "{801B08B7-23A6-4ABD-937D-4D8CFC5197CD}"
EndProject
Project("{2150E333-8FDC-42A3-9474-1A3956D46DE8}") = "Presentation", "Presentation", "{AEED17EF-FFE7-4334-8EAF-7FFDBA46F862}"
EndProject
Project("{9A19103F-16F7-4668-BE54-9A1E7A4F7556}") = "MicroRabbit.Domain.Core", "MicroRabbit.Domain.Core\MicroRabbit.Domain.Core.csproj", "{D9591339-9580-48BD-9103-9931458C2599}"
EndProject
Project("{9A19103F-16F7-4668-BE54-9A1E7A4F7556}") = "MicroRabbit.Infra.Bus", "MicroRabbit.Infra.Bus\MicroRabbit.Infra.Bus.csproj", "{99828A26-00D4-4DCC-893C-321B571F25FD}"
EndProject
Project("{9A19103F-16F7-4668-BE54-9A1E7A4F7556}") = "MicroRabbit.Infra.IoC", "MicroRabbit.Infra.IoC\MicroRabbit.Infra.IoC.csproj", "{AE09D621-67BF-49B3-96D3-0CC9D3DAABEB}"
EndProject
Project("{2150E333-8FDC-42A3-9474-1A3956D46DE8}") = "Banking", "Banking", "{68717ADC-E4E8-43BF-8FB7-4874EE2FD635}"
EndProject
Project("{2150E333-8FDC-42A3-9474-1A3956D46DE8}") = "Api", "Api", "{16AC2294-C22B-441C-865B-206700830EA5}"
EndProject
Project("{2150E333-8FDC-42A3-9474-1A3956D46DE8}") = "Domain", "Domain", "{821E2CB7-3A40-43C7-8A50-940714ACE38E}"
EndProject
Project("{2150E333-8FDC-42A3-9474-1A3956D46DE8}") = "Data", "Data", "{D24CBBE8-60CD-4C83-9CD6-D201153C069D}"
EndProject
Project("{2150E333-8FDC-42A3-9474-1A3956D46DE8}") = "Application", "Application", "{1AFA82C7-C61A-45B8-B239-A9ACC4969E5C}"
EndProject
Project("{FAE04EC0-301F-11D3-BF4B-00C04F79EFBC}") = "MicroRabbit.Banking.Api", "MicroRabbit.Banking.Api\MicroRabbit.Banking.Api.csproj", "{F6601F5B-38ED-4ADB-B52E-FCB9A5622C34}"
EndProject
Project("{FAE04EC0-301F-11D3-BF4B-00C04F79EFBC}") = "MicroRabbit.Banking.Application", "MicroRabbit.Banking.Application\MicroRabbit.Banking.Application.csproj", "{BB8D6379-316D-4CA6-B645-E7C5A6133BBE}"
EndProject
Project("{FAE04EC0-301F-11D3-BF4B-00C04F79EFBC}") = "MicroRabbit.Banking.Data", "MicroRabbit.Banking.Data\MicroRabbit.Banking.Data.csproj", "{051993F9-6112-4201-9184-E47B560BAEED}"
EndProject
Project("{FAE04EC0-301F-11D3-BF4B-00C04F79EFBC}") = "MicroRabbit.Banking.Domain", "MicroRabbit.Banking.Domain\MicroRabbit.Banking.Domain.csproj", "{F4F26CB8-E055-48D6-9F9E-4643499F1972}"
EndProject
Project("{2150E333-8FDC-42A3-9474-1A3956D46DE8}") = "Transfer", "Transfer", "{D5A7BDCD-D510-4BEA-809D-2FA3B1836E9D}"
EndProject
Project("{2150E333-8FDC-42A3-9474-1A3956D46DE8}") = "Api", "Api", "{2870B5BB-C632-4B11-B650-054F459DD753}"
EndProject
Project("{2150E333-8FDC-42A3-9474-1A3956D46DE8}") = "Application", "Application", "{7D7FA70D-7B46-4035-910D-D9736E9D20A2}"
EndProject
Project("{2150E333-8FDC-42A3-9474-1A3956D46DE8}") = "Data", "Data", "{415A22C5-86AC-4E67-B339-D43C05B60B17}"
EndProject
Project("{2150E333-8FDC-42A3-9474-1A3956D46DE8}") = "Domain", "Domain", "{C9C0FA3F-E80D-4E3A-98C6-114E6308C989}"
EndProject
Project("{FAE04EC0-301F-11D3-BF4B-00C04F79EFBC}") = "MicroRabbit.Transfer.Api", "MicroRabbit.Transfer.Api\MicroRabbit.Transfer.Api.csproj", "{F139EC7F-F88B-4459-A186-400546851456}"
EndProject
Project("{FAE04EC0-301F-11D3-BF4B-00C04F79EFBC}") = "MicroRabbit.Transfer.Application", "MicroRabbit.Transfer.Application\MicroRabbit.Transfer.Application.csproj", "{687E5A1C-FB2B-488B-9356-9AB8C47B00F5}"
EndProject
Project("{FAE04EC0-301F-11D3-BF4B-00C04F79EFBC}") = "MicroRabbit.Transfer.Domain", "MicroRabbit.Transfer.Domain\MicroRabbit.Transfer.Domain.csproj", "{88681C8B-4142-4D91-8BDA-2E28F9A4AF63}"
EndProject
Project("{FAE04EC0-301F-11D3-BF4B-00C04F79EFBC}") = "MicroRabbit.Transfer.Data", "MicroRabbit.Transfer.Data\MicroRabbit.Transfer.Data.csproj", "{5FAFE6BA-D05F-4CB6-9221-2B846A127F7F}"
EndProject
Project("{FAE04EC0-301F-11D3-BF4B-00C04F79EFBC}") = "MicroRabbit.MVC", "MicroRabbit.MVC\MicroRabbit.MVC.csproj", "{CC31576C-04F1-4965-B82E-A4ABFC1C1358}"
EndProject
Global
	GlobalSection(SolutionConfigurationPlatforms) = preSolution
		Debug|Any CPU = Debug|Any CPU
		Release|Any CPU = Release|Any CPU
	EndGlobalSection
	GlobalSection(ProjectConfigurationPlatforms) = postSolution
		{D9591339-9580-48BD-9103-9931458C2599}.Debug|Any CPU.ActiveCfg = Debug|Any CPU
		{D9591339-9580-48BD-9103-9931458C2599}.Debug|Any CPU.Build.0 = Debug|Any CPU
		{D9591339-9580-48BD-9103-9931458C2599}.Release|Any CPU.ActiveCfg = Release|Any CPU
		{D9591339-9580-48BD-9103-9931458C2599}.Release|Any CPU.Build.0 = Release|Any CPU
		{99828A26-00D4-4DCC-893C-321B571F25FD}.Debug|Any CPU.ActiveCfg = Debug|Any CPU
		{99828A26-00D4-4DCC-893C-321B571F25FD}.Debug|Any CPU.Build.0 = Debug|Any CPU
		{99828A26-00D4-4DCC-893C-321B571F25FD}.Release|Any CPU.ActiveCfg = Release|Any CPU
		{99828A26-00D4-4DCC-893C-321B571F25FD}.Release|Any CPU.Build.0 = Release|Any CPU
		{AE09D621-67BF-49B3-96D3-0CC9D3DAABEB}.Debug|Any CPU.ActiveCfg = Debug|Any CPU
		{AE09D621-67BF-49B3-96D3-0CC9D3DAABEB}.Debug|Any CPU.Build.0 = Debug|Any CPU
		{AE09D621-67BF-49B3-96D3-0CC9D3DAABEB}.Release|Any CPU.ActiveCfg = Release|Any CPU
		{AE09D621-67BF-49B3-96D3-0CC9D3DAABEB}.Release|Any CPU.Build.0 = Release|Any CPU
		{F6601F5B-38ED-4ADB-B52E-FCB9A5622C34}.Debug|Any CPU.ActiveCfg = Debug|Any CPU
		{F6601F5B-38ED-4ADB-B52E-FCB9A5622C34}.Debug|Any CPU.Build.0 = Debug|Any CPU
		{F6601F5B-38ED-4ADB-B52E-FCB9A5622C34}.Release|Any CPU.ActiveCfg = Release|Any CPU
		{F6601F5B-38ED-4ADB-B52E-FCB9A5622C34}.Release|Any CPU.Build.0 = Release|Any CPU
		{BB8D6379-316D-4CA6-B645-E7C5A6133BBE}.Debug|Any CPU.ActiveCfg = Debug|Any CPU
		{BB8D6379-316D-4CA6-B645-E7C5A6133BBE}.Debug|Any CPU.Build.0 = Debug|Any CPU
		{BB8D6379-316D-4CA6-B645-E7C5A6133BBE}.Release|Any CPU.ActiveCfg = Release|Any CPU
		{BB8D6379-316D-4CA6-B645-E7C5A6133BBE}.Release|Any CPU.Build.0 = Release|Any CPU
		{051993F9-6112-4201-9184-E47B560BAEED}.Debug|Any CPU.ActiveCfg = Debug|Any CPU
		{051993F9-6112-4201-9184-E47B560BAEED}.Debug|Any CPU.Build.0 = Debug|Any CPU
		{051993F9-6112-4201-9184-E47B560BAEED}.Release|Any CPU.ActiveCfg = Release|Any CPU
		{051993F9-6112-4201-9184-E47B560BAEED}.Release|Any CPU.Build.0 = Release|Any CPU
		{F4F26CB8-E055-48D6-9F9E-4643499F1972}.Debug|Any CPU.ActiveCfg = Debug|Any CPU
		{F4F26CB8-E055-48D6-9F9E-4643499F1972}.Debug|Any CPU.Build.0 = Debug|Any CPU
		{F4F26CB8-E055-48D6-9F9E-4643499F1972}.Release|Any CPU.ActiveCfg = Release|Any CPU
		{F4F26CB8-E055-48D6-9F9E-4643499F1972}.Release|Any CPU.Build.0 = Release|Any CPU
		{F139EC7F-F88B-4459-A186-400546851456}.Debug|Any CPU.ActiveCfg = Debug|Any CPU
		{F139EC7F-F88B-4459-A186-400546851456}.Debug|Any CPU.Build.0 = Debug|Any CPU
		{F139EC7F-F88B-4459-A186-400546851456}.Release|Any CPU.ActiveCfg = Release|Any CPU
		{F139EC7F-F88B-4459-A186-400546851456}.Release|Any CPU.Build.0 = Release|Any CPU
		{687E5A1C-FB2B-488B-9356-9AB8C47B00F5}.Debug|Any CPU.ActiveCfg = Debug|Any CPU
		{687E5A1C-FB2B-488B-9356-9AB8C47B00F5}.Debug|Any CPU.Build.0 = Debug|Any CPU
		{687E5A1C-FB2B-488B-9356-9AB8C47B00F5}.Release|Any CPU.ActiveCfg = Release|Any CPU
		{687E5A1C-FB2B-488B-9356-9AB8C47B00F5}.Release|Any CPU.Build.0 = Release|Any CPU
		{88681C8B-4142-4D91-8BDA-2E28F9A4AF63}.Debug|Any CPU.ActiveCfg = Debug|Any CPU
		{88681C8B-4142-4D91-8BDA-2E28F9A4AF63}.Debug|Any CPU.Build.0 = Debug|Any CPU
		{88681C8B-4142-4D91-8BDA-2E28F9A4AF63}.Release|Any CPU.ActiveCfg = Release|Any CPU
		{88681C8B-4142-4D91-8BDA-2E28F9A4AF63}.Release|Any CPU.Build.0 = Release|Any CPU
		{5FAFE6BA-D05F-4CB6-9221-2B846A127F7F}.Debug|Any CPU.ActiveCfg = Debug|Any CPU
		{5FAFE6BA-D05F-4CB6-9221-2B846A127F7F}.Debug|Any CPU.Build.0 = Debug|Any CPU
		{5FAFE6BA-D05F-4CB6-9221-2B846A127F7F}.Release|Any CPU.ActiveCfg = Release|Any CPU
		{5FAFE6BA-D05F-4CB6-9221-2B846A127F7F}.Release|Any CPU.Build.0 = Release|Any CPU
		{CC31576C-04F1-4965-B82E-A4ABFC1C1358}.Debug|Any CPU.ActiveCfg = Debug|Any CPU
		{CC31576C-04F1-4965-B82E-A4ABFC1C1358}.Debug|Any CPU.Build.0 = Debug|Any CPU
		{CC31576C-04F1-4965-B82E-A4ABFC1C1358}.Release|Any CPU.ActiveCfg = Release|Any CPU
		{CC31576C-04F1-4965-B82E-A4ABFC1C1358}.Release|Any CPU.Build.0 = Release|Any CPU
	EndGlobalSection
	GlobalSection(SolutionProperties) = preSolution
		HideSolutionNode = FALSE
	EndGlobalSection
	GlobalSection(NestedProjects) = preSolution
		{D9591339-9580-48BD-9103-9931458C2599} = {7EBCC7E2-0E6C-4C0B-A521-C1819BD0FAD5}
		{99828A26-00D4-4DCC-893C-321B571F25FD} = {21DBE060-106C-4E1F-B2FE-DBE5086C19B0}
		{AE09D621-67BF-49B3-96D3-0CC9D3DAABEB} = {801B08B7-23A6-4ABD-937D-4D8CFC5197CD}
		{68717ADC-E4E8-43BF-8FB7-4874EE2FD635} = {E8E45DB2-4A8B-4666-BF56-F695F539356A}
		{16AC2294-C22B-441C-865B-206700830EA5} = {68717ADC-E4E8-43BF-8FB7-4874EE2FD635}
		{821E2CB7-3A40-43C7-8A50-940714ACE38E} = {68717ADC-E4E8-43BF-8FB7-4874EE2FD635}
		{D24CBBE8-60CD-4C83-9CD6-D201153C069D} = {68717ADC-E4E8-43BF-8FB7-4874EE2FD635}
		{1AFA82C7-C61A-45B8-B239-A9ACC4969E5C} = {68717ADC-E4E8-43BF-8FB7-4874EE2FD635}
		{F6601F5B-38ED-4ADB-B52E-FCB9A5622C34} = {16AC2294-C22B-441C-865B-206700830EA5}
		{BB8D6379-316D-4CA6-B645-E7C5A6133BBE} = {1AFA82C7-C61A-45B8-B239-A9ACC4969E5C}
		{051993F9-6112-4201-9184-E47B560BAEED} = {D24CBBE8-60CD-4C83-9CD6-D201153C069D}
		{F4F26CB8-E055-48D6-9F9E-4643499F1972} = {821E2CB7-3A40-43C7-8A50-940714ACE38E}
		{D5A7BDCD-D510-4BEA-809D-2FA3B1836E9D} = {E8E45DB2-4A8B-4666-BF56-F695F539356A}
		{2870B5BB-C632-4B11-B650-054F459DD753} = {D5A7BDCD-D510-4BEA-809D-2FA3B1836E9D}
		{7D7FA70D-7B46-4035-910D-D9736E9D20A2} = {D5A7BDCD-D510-4BEA-809D-2FA3B1836E9D}
		{415A22C5-86AC-4E67-B339-D43C05B60B17} = {D5A7BDCD-D510-4BEA-809D-2FA3B1836E9D}
		{C9C0FA3F-E80D-4E3A-98C6-114E6308C989} = {D5A7BDCD-D510-4BEA-809D-2FA3B1836E9D}
		{F139EC7F-F88B-4459-A186-400546851456} = {2870B5BB-C632-4B11-B650-054F459DD753}
		{687E5A1C-FB2B-488B-9356-9AB8C47B00F5} = {7D7FA70D-7B46-4035-910D-D9736E9D20A2}
		{88681C8B-4142-4D91-8BDA-2E28F9A4AF63} = {C9C0FA3F-E80D-4E3A-98C6-114E6308C989}
		{5FAFE6BA-D05F-4CB6-9221-2B846A127F7F} = {415A22C5-86AC-4E67-B339-D43C05B60B17}
		{CC31576C-04F1-4965-B82E-A4ABFC1C1358} = {AEED17EF-FFE7-4334-8EAF-7FFDBA46F862}
	EndGlobalSection
	GlobalSection(ExtensibilityGlobals) = postSolution
		SolutionGuid = {8F609628-573D-4D89-A87E-2000BC84639D}
	EndGlobalSection
EndGlobal
